
Microsoft Visual Studio Solution File, Format Version 12.00
# Visual Studio Version 17
VisualStudioVersion = 17.1.32328.378
MinimumVisualStudioVersion = 10.0.40219.1
Project("{FAE04EC0-301F-11D3-BF4B-00C04F79EFBC}") = "appServiciosWeb", "appServiciosWeb\appServiciosWeb.csproj", "{76E7326D-32A2-4E20-A45A-9B296040108C}"
EndProject
Project("{FAE04EC0-301F-11D3-BF4B-00C04F79EFBC}") = "serviciosWebDatos", "serviciosWebDatos\serviciosWebDatos.csproj", "{ECB5D037-F9A8-49E4-A6E9-B29929BC8B23}"
EndProject
Project("{FAE04EC0-301F-11D3-BF4B-00C04F79EFBC}") = "appServicioWebAsmx", "appServicioWebAsmx\appServicioWebAsmx.csproj", "{5D90B041-CD03-4489-A647-BFD7258FD2D3}"
EndProject
Project("{FAE04EC0-301F-11D3-BF4B-00C04F79EFBC}") = "appServicioWebWcf", "appServicioWebWcf\appServicioWebWcf.csproj", "{4EE3CECC-93A8-4D2D-BF5D-28126090491C}"
EndProject
Global
	GlobalSection(SolutionConfigurationPlatforms) = preSolution
		Debug|Any CPU = Debug|Any CPU
		Release|Any CPU = Release|Any CPU
	EndGlobalSection
	GlobalSection(ProjectConfigurationPlatforms) = postSolution
		{76E7326D-32A2-4E20-A45A-9B296040108C}.Debug|Any CPU.ActiveCfg = Debug|Any CPU
		{76E7326D-32A2-4E20-A45A-9B296040108C}.Debug|Any CPU.Build.0 = Debug|Any CPU
		{76E7326D-32A2-4E20-A45A-9B296040108C}.Release|Any CPU.ActiveCfg = Release|Any CPU
		{76E7326D-32A2-4E20-A45A-9B296040108C}.Release|Any CPU.Build.0 = Release|Any CPU
		{ECB5D037-F9A8-49E4-A6E9-B29929BC8B23}.Debug|Any CPU.ActiveCfg = Debug|Any CPU
		{ECB5D037-F9A8-49E4-A6E9-B29929BC8B23}.Debug|Any CPU.Build.0 = Debug|Any CPU
		{ECB5D037-F9A8-49E4-A6E9-B29929BC8B23}.Release|Any CPU.ActiveCfg = Release|Any CPU
		{ECB5D037-F9A8-49E4-A6E9-B29929BC8B23}.Release|Any CPU.Build.0 = Release|Any CPU
		{5D90B041-CD03-4489-A647-BFD7258FD2D3}.Debug|Any CPU.ActiveCfg = Debug|Any CPU
		{5D90B041-CD03-4489-A647-BFD7258FD2D3}.Debug|Any CPU.Build.0 = Debug|Any CPU
		{5D90B041-CD03-4489-A647-BFD7258FD2D3}.Release|Any CPU.ActiveCfg = Release|Any CPU
		{5D90B041-CD03-4489-A647-BFD7258FD2D3}.Release|Any CPU.Build.0 = Release|Any CPU
		{4EE3CECC-93A8-4D2D-BF5D-28126090491C}.Debug|Any CPU.ActiveCfg = Debug|Any CPU
		{4EE3CECC-93A8-4D2D-BF5D-28126090491C}.Debug|Any CPU.Build.0 = Debug|Any CPU
		{4EE3CECC-93A8-4D2D-BF5D-28126090491C}.Release|Any CPU.ActiveCfg = Release|Any CPU
		{4EE3CECC-93A8-4D2D-BF5D-28126090491C}.Release|Any CPU.Build.0 = Release|Any CPU
	EndGlobalSection
	GlobalSection(SolutionProperties) = preSolution
		HideSolutionNode = FALSE
	EndGlobalSection
	GlobalSection(ExtensibilityGlobals) = postSolution
		SolutionGuid = {FD68E4C0-F96C-41F6-8F1F-2F2CCBF7C58F}
	EndGlobalSection
EndGlobal
